
Microsoft Visual Studio Solution File, Format Version 12.00
Project("{2150E333-8FDC-42A3-9474-1A3956D46DE8}") = "src", "src", "{74A760A4-B769-4DFA-BB34-2FD62211CD93}"
EndProject
Project("{2150E333-8FDC-42A3-9474-1A3956D46DE8}") = "test", "test", "{750661BC-D647-4908-BF38-3F0D12D27FF4}"
EndProject
Project("{2150E333-8FDC-42A3-9474-1A3956D46DE8}") = "API", "API", "{8BA8745B-20EF-4712-A900-1382C1EBAC45}"
EndProject
Project("{2150E333-8FDC-42A3-9474-1A3956D46DE8}") = "Core", "Core", "{1577AA2A-FABA-4659-A76E-7C31A24B9FD3}"
EndProject
Project("{2150E333-8FDC-42A3-9474-1A3956D46DE8}") = "Infrastructure", "Infrastructure", "{C22813BD-8A85-4D92-9C4B-8A1534C48479}"
EndProject
Project("{FAE04EC0-301F-11D3-BF4B-00C04F79EFBC}") = "MoneyTrack.Domain", "MoneyTrack.Domain\MoneyTrack.Domain.csproj", "{4BDA6B9C-1664-4F23-803D-94033D29FE85}"
EndProject
Project("{FAE04EC0-301F-11D3-BF4B-00C04F79EFBC}") = "MoneyTrack.Application", "MoneyTrack.Application\MoneyTrack.Application.csproj", "{757303EB-6405-4EB4-B976-1ABBE828931A}"
EndProject
Project("{FAE04EC0-301F-11D3-BF4B-00C04F79EFBC}") = "MoneyTrack.Persistence", "MoneyTrack.Persistence\MoneyTrack.Persistence.csproj", "{2604FC03-D5E9-403F-A8D4-6AE2C3F63F5D}"
EndProject
Project("{FAE04EC0-301F-11D3-BF4B-00C04F79EFBC}") = "MoneyTrack.Infrastructure", "MoneyTrack.Infrastructure\MoneyTrack.Infrastructure.csproj", "{9346FFA2-8816-45CA-A005-C5B2A53A1817}"
EndProject
Project("{FAE04EC0-301F-11D3-BF4B-00C04F79EFBC}") = "MoneyTrack.Api", "MoneyTrack.Api\MoneyTrack.Api.csproj", "{589813A4-E151-417C-BBCF-577188440923}"
EndProject
Project("{FAE04EC0-301F-11D3-BF4B-00C04F79EFBC}") = "MoneyTrack.Application.UnitTests", "MoneyTrack.Application.UnitTests\MoneyTrack.Application.UnitTests.csproj", "{FCEBC07D-E3A7-4D6D-A9B4-0CCB6D2F940B}"
EndProject
Global
	GlobalSection(SolutionConfigurationPlatforms) = preSolution
		Debug|Any CPU = Debug|Any CPU
		Release|Any CPU = Release|Any CPU
	EndGlobalSection
	GlobalSection(NestedProjects) = preSolution
		{8BA8745B-20EF-4712-A900-1382C1EBAC45} = {74A760A4-B769-4DFA-BB34-2FD62211CD93}
		{1577AA2A-FABA-4659-A76E-7C31A24B9FD3} = {74A760A4-B769-4DFA-BB34-2FD62211CD93}
		{C22813BD-8A85-4D92-9C4B-8A1534C48479} = {74A760A4-B769-4DFA-BB34-2FD62211CD93}
		{4BDA6B9C-1664-4F23-803D-94033D29FE85} = {1577AA2A-FABA-4659-A76E-7C31A24B9FD3}
		{757303EB-6405-4EB4-B976-1ABBE828931A} = {1577AA2A-FABA-4659-A76E-7C31A24B9FD3}
		{2604FC03-D5E9-403F-A8D4-6AE2C3F63F5D} = {C22813BD-8A85-4D92-9C4B-8A1534C48479}
		{9346FFA2-8816-45CA-A005-C5B2A53A1817} = {C22813BD-8A85-4D92-9C4B-8A1534C48479}
		{589813A4-E151-417C-BBCF-577188440923} = {8BA8745B-20EF-4712-A900-1382C1EBAC45}
		{FCEBC07D-E3A7-4D6D-A9B4-0CCB6D2F940B} = {750661BC-D647-4908-BF38-3F0D12D27FF4}
	EndGlobalSection
	GlobalSection(ProjectConfigurationPlatforms) = postSolution
		{4BDA6B9C-1664-4F23-803D-94033D29FE85}.Debug|Any CPU.ActiveCfg = Debug|Any CPU
		{4BDA6B9C-1664-4F23-803D-94033D29FE85}.Debug|Any CPU.Build.0 = Debug|Any CPU
		{4BDA6B9C-1664-4F23-803D-94033D29FE85}.Release|Any CPU.ActiveCfg = Release|Any CPU
		{4BDA6B9C-1664-4F23-803D-94033D29FE85}.Release|Any CPU.Build.0 = Release|Any CPU
		{757303EB-6405-4EB4-B976-1ABBE828931A}.Debug|Any CPU.ActiveCfg = Debug|Any CPU
		{757303EB-6405-4EB4-B976-1ABBE828931A}.Debug|Any CPU.Build.0 = Debug|Any CPU
		{757303EB-6405-4EB4-B976-1ABBE828931A}.Release|Any CPU.ActiveCfg = Release|Any CPU
		{757303EB-6405-4EB4-B976-1ABBE828931A}.Release|Any CPU.Build.0 = Release|Any CPU
		{2604FC03-D5E9-403F-A8D4-6AE2C3F63F5D}.Debug|Any CPU.ActiveCfg = Debug|Any CPU
		{2604FC03-D5E9-403F-A8D4-6AE2C3F63F5D}.Debug|Any CPU.Build.0 = Debug|Any CPU
		{2604FC03-D5E9-403F-A8D4-6AE2C3F63F5D}.Release|Any CPU.ActiveCfg = Release|Any CPU
		{2604FC03-D5E9-403F-A8D4-6AE2C3F63F5D}.Release|Any CPU.Build.0 = Release|Any CPU
		{9346FFA2-8816-45CA-A005-C5B2A53A1817}.Debug|Any CPU.ActiveCfg = Debug|Any CPU
		{9346FFA2-8816-45CA-A005-C5B2A53A1817}.Debug|Any CPU.Build.0 = Debug|Any CPU
		{9346FFA2-8816-45CA-A005-C5B2A53A1817}.Release|Any CPU.ActiveCfg = Release|Any CPU
		{9346FFA2-8816-45CA-A005-C5B2A53A1817}.Release|Any CPU.Build.0 = Release|Any CPU
		{589813A4-E151-417C-BBCF-577188440923}.Debug|Any CPU.ActiveCfg = Debug|Any CPU
		{589813A4-E151-417C-BBCF-577188440923}.Debug|Any CPU.Build.0 = Debug|Any CPU
		{589813A4-E151-417C-BBCF-577188440923}.Release|Any CPU.ActiveCfg = Release|Any CPU
		{589813A4-E151-417C-BBCF-577188440923}.Release|Any CPU.Build.0 = Release|Any CPU
		{FCEBC07D-E3A7-4D6D-A9B4-0CCB6D2F940B}.Debug|Any CPU.ActiveCfg = Debug|Any CPU
		{FCEBC07D-E3A7-4D6D-A9B4-0CCB6D2F940B}.Debug|Any CPU.Build.0 = Debug|Any CPU
		{FCEBC07D-E3A7-4D6D-A9B4-0CCB6D2F940B}.Release|Any CPU.ActiveCfg = Release|Any CPU
		{FCEBC07D-E3A7-4D6D-A9B4-0CCB6D2F940B}.Release|Any CPU.Build.0 = Release|Any CPU
	EndGlobalSection
EndGlobal
